# THIS IS AN AUTOGENERATED FILE. DO NOT EDIT THIS FILE DIRECTLY.
# yarn lockfile v1


"@types/node@^12":
  version "12.20.46"
  resolved "https://registry.yarnpkg.com/@types/node/-/node-12.20.46.tgz#7e49dee4c54fd19584e6a9e0da5f3dc2e9136bc7"
  integrity sha512-cPjLXj8d6anFPzFvOPxS3fvly3Shm5nTfl6g8X5smexixbuGUf7hfr21J5tX9JW+UPStp/5P5R8qrKL5IyVJ+A==

fsevents@~2.3.2:
  version "2.3.2"
  resolved "https://registry.yarnpkg.com/fsevents/-/fsevents-2.3.2.tgz#8a526f78b8fdf4623b709e0b975c52c24c02fd1a"
  integrity sha512-xiqMQR4xAeHTuB9uWm+fFRcIOgKBMiOBP+eXiyT7jsgVCq1bkVygt00oASowB7EdtpOHaaPgKt812P9ab+DDKA==

prettier-plugin-pkg@^0.11.1:
  version "0.11.1"
  resolved "https://registry.yarnpkg.com/prettier-plugin-pkg/-/prettier-plugin-pkg-0.11.1.tgz#ca5d9d27bdf02ffc3c68337a67d7eb56c37ab1a7"
  integrity sha512-xuSSyiZS1osFVBB5w3fTpUiqGfSS5c0Azh78nWr4Q9viA9nYJyYAiI4FcyltjowsIGMF5IFGtG58DdDkNifoFQ==

prettier@^2.5.1:
  version "2.5.1"
  resolved "https://registry.yarnpkg.com/prettier/-/prettier-2.5.1.tgz#fff75fa9d519c54cf0fce328c1017d94546bc56a"
  integrity sha512-vBZcPRUR5MZJwoyi3ZoyQlc1rXeEck8KgeC9AwwOn+exuxLxq5toTRDTSaVrXHxelDMHy9zlicw8u66yxoSUFg==

rollup@^2.69.0:
  version "2.69.0"
  resolved "https://registry.yarnpkg.com/rollup/-/rollup-2.69.0.tgz#82aa86682a45e9760146b736c1643bf435506156"
  integrity sha512-kjER91tHyek8gAkuz7+558vSnTQ+pITEok1P0aNOS45ZXyngaqPsXJmSel4QPQnJo7EJMjXUU1/GErWkWiKORg==
  optionalDependencies:
    fsevents "~2.3.2"

typescript@^4.6.2:
  version "4.6.2"
  resolved "https://registry.yarnpkg.com/typescript/-/typescript-4.6.2.tgz#fe12d2727b708f4eef40f51598b3398baa9611d4"
  integrity sha512-HM/hFigTBHZhLXshn9sN37H085+hQGeJHJ/X7LpBWLID/fbc2acUMfU+lGD98X81sKP+pFa9f0DZmCwB9GnbAg==
